
Microsoft Visual Studio Solution File, Format Version 12.00
# Visual Studio Version 16
VisualStudioVersion = 16.0.30611.23
MinimumVisualStudioVersion = 10.0.40219.1
Project("{8BC9CEB8-8B4A-11D0-8D11-00A0C91BC942}") = "Project2", "Project2.vcxproj", "{B41F75DB-D185-4524-92F2-73FE8659365D}"
EndProject
Global
	GlobalSection(SolutionConfigurationPlatforms) = preSolution
		Debug|x64 = Debug|x64
		Debug|x86 = Debug|x86
		Release|x64 = Release|x64
		Release|x86 = Release|x86
	EndGlobalSection
	GlobalSection(ProjectConfigurationPlatforms) = postSolution
		{B41F75DB-D185-4524-92F2-73FE8659365D}.Debug|x64.ActiveCfg = Debug|x64
		{B41F75DB-D185-4524-92F2-73FE8659365D}.Debug|x64.Build.0 = Debug|x64
		{B41F75DB-D185-4524-92F2-73FE8659365D}.Debug|x86.ActiveCfg = Debug|Win32
		{B41F75DB-D185-4524-92F2-73FE8659365D}.Debug|x86.Build.0 = Debug|Win32
		{B41F75DB-D185-4524-92F2-73FE8659365D}.Release|x64.ActiveCfg = Release|x64
		{B41F75DB-D185-4524-92F2-73FE8659365D}.Release|x64.Build.0 = Release|x64
		{B41F75DB-D185-4524-92F2-73FE8659365D}.Release|x86.ActiveCfg = Release|Win32
		{B41F75DB-D185-4524-92F2-73FE8659365D}.Release|x86.Build.0 = Release|Win32
	EndGlobalSection
	GlobalSection(SolutionProperties) = preSolution
		HideSolutionNode = FALSE
	EndGlobalSection
	GlobalSection(ExtensibilityGlobals) = postSolution
		SolutionGuid = {AFF76023-02C6-40FB-8CF4-C6FF55FC957C}
	EndGlobalSection
EndGlobal
